
Microsoft Visual Studio Solution File, Format Version 12.00
# Visual Studio Version 16
VisualStudioVersion = 16.0.31729.503
MinimumVisualStudioVersion = 10.0.40219.1
Project("{FAE04EC0-301F-11D3-BF4B-00C04F79EFBC}") = "RengaTask1", "RengaTask1\RengaTask1.csproj", "{2AE213AA-222B-4C0F-946B-FDC18324E2E7}"
EndProject
Global
	GlobalSection(SolutionConfigurationPlatforms) = preSolution
		Debug|Any CPU = Debug|Any CPU
		Release|Any CPU = Release|Any CPU
	EndGlobalSection
	GlobalSection(ProjectConfigurationPlatforms) = postSolution
		{2AE213AA-222B-4C0F-946B-FDC18324E2E7}.Debug|Any CPU.ActiveCfg = Debug|Any CPU
		{2AE213AA-222B-4C0F-946B-FDC18324E2E7}.Debug|Any CPU.Build.0 = Debug|Any CPU
		{2AE213AA-222B-4C0F-946B-FDC18324E2E7}.Release|Any CPU.ActiveCfg = Release|Any CPU
		{2AE213AA-222B-4C0F-946B-FDC18324E2E7}.Release|Any CPU.Build.0 = Release|Any CPU
	EndGlobalSection
	GlobalSection(SolutionProperties) = preSolution
		HideSolutionNode = FALSE
	EndGlobalSection
	GlobalSection(ExtensibilityGlobals) = postSolution
		SolutionGuid = {497EBEE6-A9B8-4BB0-8BD5-43E95BD6A5CD}
	EndGlobalSection
EndGlobal
